
Microsoft Visual Studio Solution File, Format Version 12.00
# Visual Studio Version 17
VisualStudioVersion = 17.11.35327.3
MinimumVisualStudioVersion = 10.0.40219.1
Project("{F184B08F-C81C-45F6-A57F-5ABD9991F28F}") = "sql_crud_demo", "sql_crud_demo\sql_crud_demo.vbproj", "{95AD7268-963F-4B06-95F4-CFD0FA2BAEBB}"
EndProject
Global
	GlobalSection(SolutionConfigurationPlatforms) = preSolution
		Debug|Any CPU = Debug|Any CPU
		Release|Any CPU = Release|Any CPU
	EndGlobalSection
	GlobalSection(ProjectConfigurationPlatforms) = postSolution
		{95AD7268-963F-4B06-95F4-CFD0FA2BAEBB}.Debug|Any CPU.ActiveCfg = Debug|Any CPU
		{95AD7268-963F-4B06-95F4-CFD0FA2BAEBB}.Debug|Any CPU.Build.0 = Debug|Any CPU
		{95AD7268-963F-4B06-95F4-CFD0FA2BAEBB}.Release|Any CPU.ActiveCfg = Release|Any CPU
		{95AD7268-963F-4B06-95F4-CFD0FA2BAEBB}.Release|Any CPU.Build.0 = Release|Any CPU
	EndGlobalSection
	GlobalSection(SolutionProperties) = preSolution
		HideSolutionNode = FALSE
	EndGlobalSection
	GlobalSection(ExtensibilityGlobals) = postSolution
		SolutionGuid = {C4190BC8-BB1B-4EAE-B72B-0130605FE3B2}
	EndGlobalSection
EndGlobal
